
Microsoft Visual Studio Solution File, Format Version 12.00
# Visual Studio Version 17
VisualStudioVersion = 17.10.34916.146
MinimumVisualStudioVersion = 10.0.40219.1
Project("{FAE04EC0-301F-11D3-BF4B-00C04F79EFBC}") = "Practical-Test.Server", "Practical-Test.Server\Practical-Test.Server.csproj", "{8E025ED6-A526-4E80-870E-1213468273A0}"
EndProject
Project("{54A90642-561A-4BB1-A94E-469ADEE60C69}") = "practical-test.client", "practical-test.client\practical-test.client.esproj", "{6E53E72F-B68F-41A8-ADB7-5871348C2012}"
EndProject
Global
	GlobalSection(SolutionConfigurationPlatforms) = preSolution
		Debug|Any CPU = Debug|Any CPU
		Release|Any CPU = Release|Any CPU
	EndGlobalSection
	GlobalSection(ProjectConfigurationPlatforms) = postSolution
		{8E025ED6-A526-4E80-870E-1213468273A0}.Debug|Any CPU.ActiveCfg = Debug|Any CPU
		{8E025ED6-A526-4E80-870E-1213468273A0}.Debug|Any CPU.Build.0 = Debug|Any CPU
		{8E025ED6-A526-4E80-870E-1213468273A0}.Release|Any CPU.ActiveCfg = Release|Any CPU
		{8E025ED6-A526-4E80-870E-1213468273A0}.Release|Any CPU.Build.0 = Release|Any CPU
		{6E53E72F-B68F-41A8-ADB7-5871348C2012}.Debug|Any CPU.ActiveCfg = Debug|Any CPU
		{6E53E72F-B68F-41A8-ADB7-5871348C2012}.Debug|Any CPU.Build.0 = Debug|Any CPU
		{6E53E72F-B68F-41A8-ADB7-5871348C2012}.Debug|Any CPU.Deploy.0 = Debug|Any CPU
		{6E53E72F-B68F-41A8-ADB7-5871348C2012}.Release|Any CPU.ActiveCfg = Release|Any CPU
		{6E53E72F-B68F-41A8-ADB7-5871348C2012}.Release|Any CPU.Build.0 = Release|Any CPU
		{6E53E72F-B68F-41A8-ADB7-5871348C2012}.Release|Any CPU.Deploy.0 = Release|Any CPU
	EndGlobalSection
	GlobalSection(SolutionProperties) = preSolution
		HideSolutionNode = FALSE
	EndGlobalSection
	GlobalSection(ExtensibilityGlobals) = postSolution
		SolutionGuid = {CB22FD00-6010-4511-940F-44B8827642E0}
	EndGlobalSection
EndGlobal
